
Microsoft Visual Studio Solution File, Format Version 12.00
Project("{2150E333-8FDC-42A3-9474-1A3956D46DE8}") = "src", "src", "{EB322D9D-C8EA-49D2-93D1-F37F230198C8}"
EndProject
Project("{2150E333-8FDC-42A3-9474-1A3956D46DE8}") = "test", "test", "{D20B7AD4-133F-423A-BF8C-1B6BABAFA116}"
EndProject
Project("{2150E333-8FDC-42A3-9474-1A3956D46DE8}") = "Solution items", "Solution items", "{CEF86943-E655-48EB-AA76-BBE49018DE3E}"
EndProject
Project("{2150E333-8FDC-42A3-9474-1A3956D46DE8}") = "layer", "layer", "{6818BFD0-943D-44E5-8827-602CBCF10E66}"
EndProject
Project("{2150E333-8FDC-42A3-9474-1A3956D46DE8}") = "custom", "custom", "{71FDE4FD-A556-4FB4-BF3C-06ED43A6834B}"
EndProject
Project("{2150E333-8FDC-42A3-9474-1A3956D46DE8}") = "other", "other", "{6D24815F-5B30-47BE-9607-0B0B3442A598}"
EndProject
Project("{2150E333-8FDC-42A3-9474-1A3956D46DE8}") = "application", "application", "{002D72BE-67D0-491E-A83A-B879EB263D1D}"
EndProject
Project("{2150E333-8FDC-42A3-9474-1A3956D46DE8}") = "ui", "ui", "{67A886B0-FC5D-4936-B213-56F31DEF9F48}"
EndProject
Project("{2150E333-8FDC-42A3-9474-1A3956D46DE8}") = "infrastructure", "infrastructure", "{66453245-4E99-429C-BE61-962157418BF4}"
EndProject
Project("{2150E333-8FDC-42A3-9474-1A3956D46DE8}") = "domain", "domain", "{DADEE8AE-ABC9-4827-B42C-BC36521A24EF}"
EndProject
Project("{FAE04EC0-301F-11D3-BF4B-00C04F79EFBC}") = "CleanArchitecture.WF", "src\layer\ui\CleanArchitecture.WF\CleanArchitecture.WF.csproj", "{FA9D7291-500F-40A2-A7A2-B7846DBFD6BF}"
EndProject
Project("{FAE04EC0-301F-11D3-BF4B-00C04F79EFBC}") = "CleanArchitecture.Presentation", "src\layer\ui\CleanArchitecture.Presentation\CleanArchitecture.Presentation.csproj", "{D340C8E9-7B02-4C5F-9D3B-C68DD36DC4F0}"
EndProject
Project("{FAE04EC0-301F-11D3-BF4B-00C04F79EFBC}") = "CleanArchitecture.Persistence", "src\layer\infrastructure\CleanArchitecture.Persistence\CleanArchitecture.Persistence.csproj", "{63CD3048-6C86-40AD-B004-3C84617EB306}"
EndProject
Project("{FAE04EC0-301F-11D3-BF4B-00C04F79EFBC}") = "CleanArchitecture.Infrastructure.Dapper", "src\layer\infrastructure\CleanArchitecture.Infrastructure.Dapper\CleanArchitecture.Infrastructure.Dapper.csproj", "{0669065E-709A-4783-9744-78E9B7EC78D8}"
EndProject
Project("{FAE04EC0-301F-11D3-BF4B-00C04F79EFBC}") = "CleanArchitecture.Infrastructure.EntityFramework", "src\layer\infrastructure\CleanArchitecture.Infrastructure.EntityFramework\CleanArchitecture.Infrastructure.EntityFramework.csproj", "{ABAB3969-B704-436A-BB0D-E031303811E0}"
EndProject
Project("{FAE04EC0-301F-11D3-BF4B-00C04F79EFBC}") = "CleanArchitecture.Infrastructure.Maintain", "src\layer\infrastructure\CleanArchitecture.Infrastructure.Maintain\CleanArchitecture.Infrastructure.Maintain.csproj", "{0988E599-57D8-497E-8AF3-4C3EF5658B3C}"
EndProject
Project("{FAE04EC0-301F-11D3-BF4B-00C04F79EFBC}") = "CleanArchitecture.Service", "src\layer\application\CleanArchitecture.Service\CleanArchitecture.Service.csproj", "{876F6094-8FA1-492E-8A18-3F286DD02C58}"
EndProject
Project("{FAE04EC0-301F-11D3-BF4B-00C04F79EFBC}") = "CleanArchitecture.Application", "src\layer\application\CleanArchitecture.Application\CleanArchitecture.Application.csproj", "{CC74E73C-DDA2-4D7F-BA22-1D3E6BA17789}"
EndProject
Project("{FAE04EC0-301F-11D3-BF4B-00C04F79EFBC}") = "CleanArchitecture.Contract", "src\layer\domain\CleanArchitecture.Contract\CleanArchitecture.Contract.csproj", "{23784E1C-037E-4BF9-8BC6-D23E8EEA4E43}"
EndProject
Project("{FAE04EC0-301F-11D3-BF4B-00C04F79EFBC}") = "CleanArchitecture.Domain", "src\layer\domain\CleanArchitecture.Domain\CleanArchitecture.Domain.csproj", "{A3C461C2-D30A-4410-9BD2-634FA6ACB87F}"
EndProject
Project("{FAE04EC0-301F-11D3-BF4B-00C04F79EFBC}") = "Eventbus", "src\custom\Eventbus\Eventbus.csproj", "{AE5F2230-570B-4304-BE33-5841554D3574}"
EndProject
Project("{FAE04EC0-301F-11D3-BF4B-00C04F79EFBC}") = "EmailSending.Service", "src\custom\EmailSending.Service\EmailSending.Service.csproj", "{64D34371-7805-45EF-AFE8-27FBC2B1FBEC}"
EndProject
Project("{FAE04EC0-301F-11D3-BF4B-00C04F79EFBC}") = "CleanArchitecture.Orther", "src\other\CleanArchitecture.Orther\CleanArchitecture.Orther.csproj", "{E582414A-33DB-40F8-BC6C-1245D82EEA48}"
EndProject
Project("{FAE04EC0-301F-11D3-BF4B-00C04F79EFBC}") = "CleanArchitecture.Test", "test\CleanArchitecture.Test\CleanArchitecture.Test.csproj", "{3521EAD5-FC5D-4EB6-806D-DEA571A82B93}"
EndProject
Global
	GlobalSection(SolutionConfigurationPlatforms) = preSolution
		Debug|Any CPU = Debug|Any CPU
		Release|Any CPU = Release|Any CPU
	EndGlobalSection
	GlobalSection(NestedProjects) = preSolution
		{6818BFD0-943D-44E5-8827-602CBCF10E66} = {EB322D9D-C8EA-49D2-93D1-F37F230198C8}
		{71FDE4FD-A556-4FB4-BF3C-06ED43A6834B} = {EB322D9D-C8EA-49D2-93D1-F37F230198C8}
		{6D24815F-5B30-47BE-9607-0B0B3442A598} = {EB322D9D-C8EA-49D2-93D1-F37F230198C8}
		{002D72BE-67D0-491E-A83A-B879EB263D1D} = {6818BFD0-943D-44E5-8827-602CBCF10E66}
		{67A886B0-FC5D-4936-B213-56F31DEF9F48} = {6818BFD0-943D-44E5-8827-602CBCF10E66}
		{66453245-4E99-429C-BE61-962157418BF4} = {6818BFD0-943D-44E5-8827-602CBCF10E66}
		{DADEE8AE-ABC9-4827-B42C-BC36521A24EF} = {6818BFD0-943D-44E5-8827-602CBCF10E66}
		{FA9D7291-500F-40A2-A7A2-B7846DBFD6BF} = {67A886B0-FC5D-4936-B213-56F31DEF9F48}
		{D340C8E9-7B02-4C5F-9D3B-C68DD36DC4F0} = {67A886B0-FC5D-4936-B213-56F31DEF9F48}
		{63CD3048-6C86-40AD-B004-3C84617EB306} = {66453245-4E99-429C-BE61-962157418BF4}
		{0669065E-709A-4783-9744-78E9B7EC78D8} = {66453245-4E99-429C-BE61-962157418BF4}
		{ABAB3969-B704-436A-BB0D-E031303811E0} = {66453245-4E99-429C-BE61-962157418BF4}
		{0988E599-57D8-497E-8AF3-4C3EF5658B3C} = {66453245-4E99-429C-BE61-962157418BF4}
		{876F6094-8FA1-492E-8A18-3F286DD02C58} = {002D72BE-67D0-491E-A83A-B879EB263D1D}
		{CC74E73C-DDA2-4D7F-BA22-1D3E6BA17789} = {002D72BE-67D0-491E-A83A-B879EB263D1D}
		{23784E1C-037E-4BF9-8BC6-D23E8EEA4E43} = {DADEE8AE-ABC9-4827-B42C-BC36521A24EF}
		{A3C461C2-D30A-4410-9BD2-634FA6ACB87F} = {DADEE8AE-ABC9-4827-B42C-BC36521A24EF}
		{AE5F2230-570B-4304-BE33-5841554D3574} = {71FDE4FD-A556-4FB4-BF3C-06ED43A6834B}
		{64D34371-7805-45EF-AFE8-27FBC2B1FBEC} = {71FDE4FD-A556-4FB4-BF3C-06ED43A6834B}
		{E582414A-33DB-40F8-BC6C-1245D82EEA48} = {6D24815F-5B30-47BE-9607-0B0B3442A598}
		{3521EAD5-FC5D-4EB6-806D-DEA571A82B93} = {D20B7AD4-133F-423A-BF8C-1B6BABAFA116}
	EndGlobalSection
	GlobalSection(ProjectConfigurationPlatforms) = postSolution
		{FA9D7291-500F-40A2-A7A2-B7846DBFD6BF}.Debug|Any CPU.ActiveCfg = Debug|Any CPU
		{FA9D7291-500F-40A2-A7A2-B7846DBFD6BF}.Debug|Any CPU.Build.0 = Debug|Any CPU
		{FA9D7291-500F-40A2-A7A2-B7846DBFD6BF}.Release|Any CPU.ActiveCfg = Release|Any CPU
		{FA9D7291-500F-40A2-A7A2-B7846DBFD6BF}.Release|Any CPU.Build.0 = Release|Any CPU
		{D340C8E9-7B02-4C5F-9D3B-C68DD36DC4F0}.Debug|Any CPU.ActiveCfg = Debug|Any CPU
		{D340C8E9-7B02-4C5F-9D3B-C68DD36DC4F0}.Debug|Any CPU.Build.0 = Debug|Any CPU
		{D340C8E9-7B02-4C5F-9D3B-C68DD36DC4F0}.Release|Any CPU.ActiveCfg = Release|Any CPU
		{D340C8E9-7B02-4C5F-9D3B-C68DD36DC4F0}.Release|Any CPU.Build.0 = Release|Any CPU
		{63CD3048-6C86-40AD-B004-3C84617EB306}.Debug|Any CPU.ActiveCfg = Debug|Any CPU
		{63CD3048-6C86-40AD-B004-3C84617EB306}.Debug|Any CPU.Build.0 = Debug|Any CPU
		{63CD3048-6C86-40AD-B004-3C84617EB306}.Release|Any CPU.ActiveCfg = Release|Any CPU
		{63CD3048-6C86-40AD-B004-3C84617EB306}.Release|Any CPU.Build.0 = Release|Any CPU
		{0669065E-709A-4783-9744-78E9B7EC78D8}.Debug|Any CPU.ActiveCfg = Debug|Any CPU
		{0669065E-709A-4783-9744-78E9B7EC78D8}.Debug|Any CPU.Build.0 = Debug|Any CPU
		{0669065E-709A-4783-9744-78E9B7EC78D8}.Release|Any CPU.ActiveCfg = Release|Any CPU
		{0669065E-709A-4783-9744-78E9B7EC78D8}.Release|Any CPU.Build.0 = Release|Any CPU
		{ABAB3969-B704-436A-BB0D-E031303811E0}.Debug|Any CPU.ActiveCfg = Debug|Any CPU
		{ABAB3969-B704-436A-BB0D-E031303811E0}.Debug|Any CPU.Build.0 = Debug|Any CPU
		{ABAB3969-B704-436A-BB0D-E031303811E0}.Release|Any CPU.ActiveCfg = Release|Any CPU
		{ABAB3969-B704-436A-BB0D-E031303811E0}.Release|Any CPU.Build.0 = Release|Any CPU
		{0988E599-57D8-497E-8AF3-4C3EF5658B3C}.Debug|Any CPU.ActiveCfg = Debug|Any CPU
		{0988E599-57D8-497E-8AF3-4C3EF5658B3C}.Debug|Any CPU.Build.0 = Debug|Any CPU
		{0988E599-57D8-497E-8AF3-4C3EF5658B3C}.Release|Any CPU.ActiveCfg = Release|Any CPU
		{0988E599-57D8-497E-8AF3-4C3EF5658B3C}.Release|Any CPU.Build.0 = Release|Any CPU
		{876F6094-8FA1-492E-8A18-3F286DD02C58}.Debug|Any CPU.ActiveCfg = Debug|Any CPU
		{876F6094-8FA1-492E-8A18-3F286DD02C58}.Debug|Any CPU.Build.0 = Debug|Any CPU
		{876F6094-8FA1-492E-8A18-3F286DD02C58}.Release|Any CPU.ActiveCfg = Release|Any CPU
		{876F6094-8FA1-492E-8A18-3F286DD02C58}.Release|Any CPU.Build.0 = Release|Any CPU
		{CC74E73C-DDA2-4D7F-BA22-1D3E6BA17789}.Debug|Any CPU.ActiveCfg = Debug|Any CPU
		{CC74E73C-DDA2-4D7F-BA22-1D3E6BA17789}.Debug|Any CPU.Build.0 = Debug|Any CPU
		{CC74E73C-DDA2-4D7F-BA22-1D3E6BA17789}.Release|Any CPU.ActiveCfg = Release|Any CPU
		{CC74E73C-DDA2-4D7F-BA22-1D3E6BA17789}.Release|Any CPU.Build.0 = Release|Any CPU
		{23784E1C-037E-4BF9-8BC6-D23E8EEA4E43}.Debug|Any CPU.ActiveCfg = Debug|Any CPU
		{23784E1C-037E-4BF9-8BC6-D23E8EEA4E43}.Debug|Any CPU.Build.0 = Debug|Any CPU
		{23784E1C-037E-4BF9-8BC6-D23E8EEA4E43}.Release|Any CPU.ActiveCfg = Release|Any CPU
		{23784E1C-037E-4BF9-8BC6-D23E8EEA4E43}.Release|Any CPU.Build.0 = Release|Any CPU
		{A3C461C2-D30A-4410-9BD2-634FA6ACB87F}.Debug|Any CPU.ActiveCfg = Debug|Any CPU
		{A3C461C2-D30A-4410-9BD2-634FA6ACB87F}.Debug|Any CPU.Build.0 = Debug|Any CPU
		{A3C461C2-D30A-4410-9BD2-634FA6ACB87F}.Release|Any CPU.ActiveCfg = Release|Any CPU
		{A3C461C2-D30A-4410-9BD2-634FA6ACB87F}.Release|Any CPU.Build.0 = Release|Any CPU
		{AE5F2230-570B-4304-BE33-5841554D3574}.Debug|Any CPU.ActiveCfg = Debug|Any CPU
		{AE5F2230-570B-4304-BE33-5841554D3574}.Debug|Any CPU.Build.0 = Debug|Any CPU
		{AE5F2230-570B-4304-BE33-5841554D3574}.Release|Any CPU.ActiveCfg = Release|Any CPU
		{AE5F2230-570B-4304-BE33-5841554D3574}.Release|Any CPU.Build.0 = Release|Any CPU
		{64D34371-7805-45EF-AFE8-27FBC2B1FBEC}.Debug|Any CPU.ActiveCfg = Debug|Any CPU
		{64D34371-7805-45EF-AFE8-27FBC2B1FBEC}.Debug|Any CPU.Build.0 = Debug|Any CPU
		{64D34371-7805-45EF-AFE8-27FBC2B1FBEC}.Release|Any CPU.ActiveCfg = Release|Any CPU
		{64D34371-7805-45EF-AFE8-27FBC2B1FBEC}.Release|Any CPU.Build.0 = Release|Any CPU
		{E582414A-33DB-40F8-BC6C-1245D82EEA48}.Debug|Any CPU.ActiveCfg = Debug|Any CPU
		{E582414A-33DB-40F8-BC6C-1245D82EEA48}.Debug|Any CPU.Build.0 = Debug|Any CPU
		{E582414A-33DB-40F8-BC6C-1245D82EEA48}.Release|Any CPU.ActiveCfg = Release|Any CPU
		{E582414A-33DB-40F8-BC6C-1245D82EEA48}.Release|Any CPU.Build.0 = Release|Any CPU
		{3521EAD5-FC5D-4EB6-806D-DEA571A82B93}.Debug|Any CPU.ActiveCfg = Debug|Any CPU
		{3521EAD5-FC5D-4EB6-806D-DEA571A82B93}.Debug|Any CPU.Build.0 = Debug|Any CPU
		{3521EAD5-FC5D-4EB6-806D-DEA571A82B93}.Release|Any CPU.ActiveCfg = Release|Any CPU
		{3521EAD5-FC5D-4EB6-806D-DEA571A82B93}.Release|Any CPU.Build.0 = Release|Any CPU
	EndGlobalSection
EndGlobal
